
Microsoft Visual Studio Solution File, Format Version 12.00
# Visual Studio 2013
VisualStudioVersion = 12.0.40629.0
MinimumVisualStudioVersion = 10.0.40219.1
Project("{FAE04EC0-301F-11D3-BF4B-00C04F79EFBC}") = "Shapes", "Shapes\Shapes.csproj", "{4C96C923-EA79-4B9F-886E-BA5BEEB7073F}"
EndProject
Project("{FAE04EC0-301F-11D3-BF4B-00C04F79EFBC}") = "BankOfKurtovoKonare", "BankOfKurtovoKonare\BankOfKurtovoKonare.csproj", "{32D8840B-DA23-4F2A-8FF0-480F393C6A71}"
EndProject
Global
	GlobalSection(SolutionConfigurationPlatforms) = preSolution
		Debug|Any CPU = Debug|Any CPU
		Release|Any CPU = Release|Any CPU
	EndGlobalSection
	GlobalSection(ProjectConfigurationPlatforms) = postSolution
		{4C96C923-EA79-4B9F-886E-BA5BEEB7073F}.Debug|Any CPU.ActiveCfg = Debug|Any CPU
		{4C96C923-EA79-4B9F-886E-BA5BEEB7073F}.Debug|Any CPU.Build.0 = Debug|Any CPU
		{4C96C923-EA79-4B9F-886E-BA5BEEB7073F}.Release|Any CPU.ActiveCfg = Release|Any CPU
		{4C96C923-EA79-4B9F-886E-BA5BEEB7073F}.Release|Any CPU.Build.0 = Release|Any CPU
		{32D8840B-DA23-4F2A-8FF0-480F393C6A71}.Debug|Any CPU.ActiveCfg = Debug|Any CPU
		{32D8840B-DA23-4F2A-8FF0-480F393C6A71}.Debug|Any CPU.Build.0 = Debug|Any CPU
		{32D8840B-DA23-4F2A-8FF0-480F393C6A71}.Release|Any CPU.ActiveCfg = Release|Any CPU
		{32D8840B-DA23-4F2A-8FF0-480F393C6A71}.Release|Any CPU.Build.0 = Release|Any CPU
	EndGlobalSection
	GlobalSection(SolutionProperties) = preSolution
		HideSolutionNode = FALSE
	EndGlobalSection
EndGlobal
